
Microsoft Visual Studio Solution File, Format Version 12.00
# Visual Studio 15
VisualStudioVersion = 15.0.26124.0
MinimumVisualStudioVersion = 15.0.26124.0
Project("{2150E333-8FDC-42A3-9474-1A3956D46DE8}") = "src", "src", "{3EA40E46-5CA5-45C4-B538-CFCE1A9DFC7E}"
EndProject
Project("{FAE04EC0-301F-11D3-BF4B-00C04F79EFBC}") = "umayplusapi", "src\umayplusapi\umayplusapi.csproj", "{E5B57795-684F-4969-BD52-EC2C533892E5}"
EndProject
Project("{FAE04EC0-301F-11D3-BF4B-00C04F79EFBC}") = "web", "src\web\web.csproj", "{F13227A8-96B6-49A0-8B62-140DD55C5AA9}"
EndProject
Project("{2150E333-8FDC-42A3-9474-1A3956D46DE8}") = "tests", "tests", "{86B8FCA7-E756-4F72-BE37-B966FBAA5999}"
EndProject
Project("{FAE04EC0-301F-11D3-BF4B-00C04F79EFBC}") = "api.Unittest", "tests\api.Unittest\api.Unittest.csproj", "{F3E25244-EF4E-42DF-ADC1-12DFB7DAB8A5}"
EndProject
Global
	GlobalSection(SolutionConfigurationPlatforms) = preSolution
		Debug|Any CPU = Debug|Any CPU
		Debug|x64 = Debug|x64
		Debug|x86 = Debug|x86
		Release|Any CPU = Release|Any CPU
		Release|x64 = Release|x64
		Release|x86 = Release|x86
	EndGlobalSection
	GlobalSection(SolutionProperties) = preSolution
		HideSolutionNode = FALSE
	EndGlobalSection
	GlobalSection(ProjectConfigurationPlatforms) = postSolution
		{E5B57795-684F-4969-BD52-EC2C533892E5}.Debug|Any CPU.ActiveCfg = Debug|Any CPU
		{E5B57795-684F-4969-BD52-EC2C533892E5}.Debug|Any CPU.Build.0 = Debug|Any CPU
		{E5B57795-684F-4969-BD52-EC2C533892E5}.Debug|x64.ActiveCfg = Debug|x64
		{E5B57795-684F-4969-BD52-EC2C533892E5}.Debug|x64.Build.0 = Debug|x64
		{E5B57795-684F-4969-BD52-EC2C533892E5}.Debug|x86.ActiveCfg = Debug|x86
		{E5B57795-684F-4969-BD52-EC2C533892E5}.Debug|x86.Build.0 = Debug|x86
		{E5B57795-684F-4969-BD52-EC2C533892E5}.Release|Any CPU.ActiveCfg = Release|Any CPU
		{E5B57795-684F-4969-BD52-EC2C533892E5}.Release|Any CPU.Build.0 = Release|Any CPU
		{E5B57795-684F-4969-BD52-EC2C533892E5}.Release|x64.ActiveCfg = Release|x64
		{E5B57795-684F-4969-BD52-EC2C533892E5}.Release|x64.Build.0 = Release|x64
		{E5B57795-684F-4969-BD52-EC2C533892E5}.Release|x86.ActiveCfg = Release|x86
		{E5B57795-684F-4969-BD52-EC2C533892E5}.Release|x86.Build.0 = Release|x86
		{F13227A8-96B6-49A0-8B62-140DD55C5AA9}.Debug|Any CPU.ActiveCfg = Debug|Any CPU
		{F13227A8-96B6-49A0-8B62-140DD55C5AA9}.Debug|Any CPU.Build.0 = Debug|Any CPU
		{F13227A8-96B6-49A0-8B62-140DD55C5AA9}.Debug|x64.ActiveCfg = Debug|x64
		{F13227A8-96B6-49A0-8B62-140DD55C5AA9}.Debug|x64.Build.0 = Debug|x64
		{F13227A8-96B6-49A0-8B62-140DD55C5AA9}.Debug|x86.ActiveCfg = Debug|x86
		{F13227A8-96B6-49A0-8B62-140DD55C5AA9}.Debug|x86.Build.0 = Debug|x86
		{F13227A8-96B6-49A0-8B62-140DD55C5AA9}.Release|Any CPU.ActiveCfg = Release|Any CPU
		{F13227A8-96B6-49A0-8B62-140DD55C5AA9}.Release|Any CPU.Build.0 = Release|Any CPU
		{F13227A8-96B6-49A0-8B62-140DD55C5AA9}.Release|x64.ActiveCfg = Release|x64
		{F13227A8-96B6-49A0-8B62-140DD55C5AA9}.Release|x64.Build.0 = Release|x64
		{F13227A8-96B6-49A0-8B62-140DD55C5AA9}.Release|x86.ActiveCfg = Release|x86
		{F13227A8-96B6-49A0-8B62-140DD55C5AA9}.Release|x86.Build.0 = Release|x86
		{F3E25244-EF4E-42DF-ADC1-12DFB7DAB8A5}.Debug|Any CPU.ActiveCfg = Debug|Any CPU
		{F3E25244-EF4E-42DF-ADC1-12DFB7DAB8A5}.Debug|Any CPU.Build.0 = Debug|Any CPU
		{F3E25244-EF4E-42DF-ADC1-12DFB7DAB8A5}.Debug|x64.ActiveCfg = Debug|x64
		{F3E25244-EF4E-42DF-ADC1-12DFB7DAB8A5}.Debug|x64.Build.0 = Debug|x64
		{F3E25244-EF4E-42DF-ADC1-12DFB7DAB8A5}.Debug|x86.ActiveCfg = Debug|x86
		{F3E25244-EF4E-42DF-ADC1-12DFB7DAB8A5}.Debug|x86.Build.0 = Debug|x86
		{F3E25244-EF4E-42DF-ADC1-12DFB7DAB8A5}.Release|Any CPU.ActiveCfg = Release|Any CPU
		{F3E25244-EF4E-42DF-ADC1-12DFB7DAB8A5}.Release|Any CPU.Build.0 = Release|Any CPU
		{F3E25244-EF4E-42DF-ADC1-12DFB7DAB8A5}.Release|x64.ActiveCfg = Release|x64
		{F3E25244-EF4E-42DF-ADC1-12DFB7DAB8A5}.Release|x64.Build.0 = Release|x64
		{F3E25244-EF4E-42DF-ADC1-12DFB7DAB8A5}.Release|x86.ActiveCfg = Release|x86
		{F3E25244-EF4E-42DF-ADC1-12DFB7DAB8A5}.Release|x86.Build.0 = Release|x86
	EndGlobalSection
	GlobalSection(NestedProjects) = preSolution
		{E5B57795-684F-4969-BD52-EC2C533892E5} = {3EA40E46-5CA5-45C4-B538-CFCE1A9DFC7E}
		{F13227A8-96B6-49A0-8B62-140DD55C5AA9} = {3EA40E46-5CA5-45C4-B538-CFCE1A9DFC7E}
		{F3E25244-EF4E-42DF-ADC1-12DFB7DAB8A5} = {86B8FCA7-E756-4F72-BE37-B966FBAA5999}
	EndGlobalSection
EndGlobal
